
Microsoft Visual Studio Solution File, Format Version 12.00
# Visual Studio Version 16
VisualStudioVersion = 16.0.30320.27
MinimumVisualStudioVersion = 10.0.40219.1
Project("{FAE04EC0-301F-11D3-BF4B-00C04F79EFBC}") = "AwsTest", "AwsTest\AwsTest.csproj", "{D8A77196-FB6F-49C9-BAFC-3ECF24202B57}"
EndProject
Global
	GlobalSection(SolutionConfigurationPlatforms) = preSolution
		Debug|Any CPU = Debug|Any CPU
		Release|Any CPU = Release|Any CPU
	EndGlobalSection
	GlobalSection(ProjectConfigurationPlatforms) = postSolution
		{D8A77196-FB6F-49C9-BAFC-3ECF24202B57}.Debug|Any CPU.ActiveCfg = Debug|Any CPU
		{D8A77196-FB6F-49C9-BAFC-3ECF24202B57}.Debug|Any CPU.Build.0 = Debug|Any CPU
		{D8A77196-FB6F-49C9-BAFC-3ECF24202B57}.Release|Any CPU.ActiveCfg = Release|Any CPU
		{D8A77196-FB6F-49C9-BAFC-3ECF24202B57}.Release|Any CPU.Build.0 = Release|Any CPU
	EndGlobalSection
	GlobalSection(SolutionProperties) = preSolution
		HideSolutionNode = FALSE
	EndGlobalSection
	GlobalSection(ExtensibilityGlobals) = postSolution
		SolutionGuid = {C59B54AB-A63F-4FA6-84F8-AE3ED60D7768}
	EndGlobalSection
EndGlobal
